
Microsoft Visual Studio Solution File, Format Version 12.00
# Visual Studio Version 17
VisualStudioVersion = 17.3.32901.215
MinimumVisualStudioVersion = 10.0.40219.1
Project("{FAE04EC0-301F-11D3-BF4B-00C04F79EFBC}") = "BLL", "BLL\BLL.csproj", "{B6283300-7A37-4BC7-91D1-34C0488BB0F3}"
EndProject
Project("{FAE04EC0-301F-11D3-BF4B-00C04F79EFBC}") = "DAL", "DAL\DAL.csproj", "{B4833BE4-579B-483E-A75D-45425896A981}"
EndProject
Project("{FAE04EC0-301F-11D3-BF4B-00C04F79EFBC}") = "DB", "DB\DB.csproj", "{D2F69C06-69F0-4321-9793-017E0FBBA5CD}"
EndProject
Project("{FAE04EC0-301F-11D3-BF4B-00C04F79EFBC}") = "WinUI", "WinUI\WinUI.csproj", "{5607677C-E282-4112-AA73-485DE448B030}"
EndProject
Global
	GlobalSection(SolutionConfigurationPlatforms) = preSolution
		Debug|Any CPU = Debug|Any CPU
		Release|Any CPU = Release|Any CPU
	EndGlobalSection
	GlobalSection(ProjectConfigurationPlatforms) = postSolution
		{B6283300-7A37-4BC7-91D1-34C0488BB0F3}.Debug|Any CPU.ActiveCfg = Debug|Any CPU
		{B6283300-7A37-4BC7-91D1-34C0488BB0F3}.Debug|Any CPU.Build.0 = Debug|Any CPU
		{B6283300-7A37-4BC7-91D1-34C0488BB0F3}.Release|Any CPU.ActiveCfg = Release|Any CPU
		{B6283300-7A37-4BC7-91D1-34C0488BB0F3}.Release|Any CPU.Build.0 = Release|Any CPU
		{B4833BE4-579B-483E-A75D-45425896A981}.Debug|Any CPU.ActiveCfg = Debug|Any CPU
		{B4833BE4-579B-483E-A75D-45425896A981}.Debug|Any CPU.Build.0 = Debug|Any CPU
		{B4833BE4-579B-483E-A75D-45425896A981}.Release|Any CPU.ActiveCfg = Release|Any CPU
		{B4833BE4-579B-483E-A75D-45425896A981}.Release|Any CPU.Build.0 = Release|Any CPU
		{D2F69C06-69F0-4321-9793-017E0FBBA5CD}.Debug|Any CPU.ActiveCfg = Debug|Any CPU
		{D2F69C06-69F0-4321-9793-017E0FBBA5CD}.Debug|Any CPU.Build.0 = Debug|Any CPU
		{D2F69C06-69F0-4321-9793-017E0FBBA5CD}.Release|Any CPU.ActiveCfg = Release|Any CPU
		{D2F69C06-69F0-4321-9793-017E0FBBA5CD}.Release|Any CPU.Build.0 = Release|Any CPU
		{5607677C-E282-4112-AA73-485DE448B030}.Debug|Any CPU.ActiveCfg = Debug|Any CPU
		{5607677C-E282-4112-AA73-485DE448B030}.Debug|Any CPU.Build.0 = Debug|Any CPU
		{5607677C-E282-4112-AA73-485DE448B030}.Release|Any CPU.ActiveCfg = Release|Any CPU
		{5607677C-E282-4112-AA73-485DE448B030}.Release|Any CPU.Build.0 = Release|Any CPU
	EndGlobalSection
	GlobalSection(SolutionProperties) = preSolution
		HideSolutionNode = FALSE
	EndGlobalSection
	GlobalSection(ExtensibilityGlobals) = postSolution
		SolutionGuid = {6DBF347B-3A9B-4D44-9342-3AB8B4D7669D}
	EndGlobalSection
EndGlobal
